
Microsoft Visual Studio Solution File, Format Version 12.00
# Visual Studio Version 16
VisualStudioVersion = 16.0.30001.183
MinimumVisualStudioVersion = 10.0.40219.1
Project("{9A19103F-16F7-4668-BE54-9A1E7A4F7556}") = "BlazorSignalrSample", "BlazorSignalrSample\BlazorSignalrSample.csproj", "{58390C03-481C-4E0F-9982-EDFA27B00890}"
EndProject
Global
	GlobalSection(SolutionConfigurationPlatforms) = preSolution
		Debug|Any CPU = Debug|Any CPU
		Release|Any CPU = Release|Any CPU
	EndGlobalSection
	GlobalSection(ProjectConfigurationPlatforms) = postSolution
		{58390C03-481C-4E0F-9982-EDFA27B00890}.Debug|Any CPU.ActiveCfg = Debug|Any CPU
		{58390C03-481C-4E0F-9982-EDFA27B00890}.Debug|Any CPU.Build.0 = Debug|Any CPU
		{58390C03-481C-4E0F-9982-EDFA27B00890}.Release|Any CPU.ActiveCfg = Release|Any CPU
		{58390C03-481C-4E0F-9982-EDFA27B00890}.Release|Any CPU.Build.0 = Release|Any CPU
	EndGlobalSection
	GlobalSection(SolutionProperties) = preSolution
		HideSolutionNode = FALSE
	EndGlobalSection
	GlobalSection(ExtensibilityGlobals) = postSolution
		SolutionGuid = {8926FE04-CD7C-4DD9-8944-3F1534811562}
	EndGlobalSection
EndGlobal
